// !$*UTF8*$!
{
	archiveVersion = 1;
	classes = {
	};
	objectVersion = 50;
	objects = {

/* Begin PBXBuildFile section */
		CCF9FA3C24E598710096F42A /* AppDelegate.swift in Sources */ = {isa = PBXBuildFile; fileRef = CCF9FA3B24E598710096F42A /* AppDelegate.swift */; };
		CCF9FA3E24E598710096F42A /* ViewController.swift in Sources */ = {isa = PBXBuildFile; fileRef = CCF9FA3D24E598710096F42A /* ViewController.swift */; };
		CCF9FA4124E598710096F42A /* Main.storyboard in Resources */ = {isa = PBXBuildFile; fileRef = CCF9FA3F24E598710096F42A /* Main.storyboard */; };
		CCF9FA4424E598710096F42A /* MyFatara_M_WeatherApp_Exercise.xcdatamodeld in Sources */ = {isa = PBXBuildFile; fileRef = CCF9FA4224E598710096F42A /* MyFatara_M_WeatherApp_Exercise.xcdatamodeld */; };
		CCF9FA4624E598720096F42A /* Assets.xcassets in Resources */ = {isa = PBXBuildFile; fileRef = CCF9FA4524E598720096F42A /* Assets.xcassets */; };
		CCF9FA4924E598720096F42A /* LaunchScreen.storyboard in Resources */ = {isa = PBXBuildFile; fileRef = CCF9FA4724E598720096F42A /* LaunchScreen.storyboard */; };
		CCF9FA5424E598720096F42A /* MyFatara_M_WeatherApp_ExerciseTests.swift in Sources */ = {isa = PBXBuildFile; fileRef = CCF9FA5324E598720096F42A /* MyFatara_M_WeatherApp_ExerciseTests.swift */; };
		CCF9FA5F24E598720096F42A /* MyFatara_M_WeatherApp_ExerciseUITests.swift in Sources */ = {isa = PBXBuildFile; fileRef = CCF9FA5E24E598720096F42A /* MyFatara_M_WeatherApp_ExerciseUITests.swift */; };
		CCF9FA6D24E59A0B0096F42A /* Unknown.png in Resources */ = {isa = PBXBuildFile; fileRef = CCF9FA6C24E59A0B0096F42A /* Unknown.png */; };
/* End PBXBuildFile section */

/* Begin PBXContainerItemProxy section */
		CCF9FA5024E598720096F42A /* PBXContainerItemProxy */ = {
			isa = PBXContainerItemProxy;
			containerPortal = CCF9FA3024E598710096F42A /* Project object */;
			proxyType = 1;
			remoteGlobalIDString = CCF9FA3724E598710096F42A;
			remoteInfo = MyFatara_M_WeatherApp_Exercise;
		};
		CCF9FA5B24E598720096F42A /* PBXContainerItemProxy */ = {
			isa = PBXContainerItemProxy;
			containerPortal = CCF9FA3024E598710096F42A /* Project object */;
			proxyType = 1;
			remoteGlobalIDString = CCF9FA3724E598710096F42A;
			remoteInfo = MyFatara_M_WeatherApp_Exercise;
		};
/* End PBXContainerItemProxy section */

/* Begin PBXFileReference section */
		CCF9FA3824E598710096F42A /* MyFatara_M_WeatherApp_Exercise.app */ = {isa = PBXFileReference; explicitFileType = wrapper.application; includeInIndex = 0; path = MyFatara_M_WeatherApp_Exercise.app; sourceTree = BUILT_PRODUCTS_DIR; };
		CCF9FA3B24E598710096F42A /* AppDelegate.swift */ = {isa = PBXFileReference; lastKnownFileType = sourcecode.swift; path = AppDelegate.swift; sourceTree = "<group>"; };
		CCF9FA3D24E598710096F42A /* ViewController.swift */ = {isa = PBXFileReference; lastKnownFileType = sourcecode.swift; path = ViewController.swift; sourceTree = "<group>"; };
		CCF9FA4024E598710096F42A /* Base */ = {isa = PBXFileReference; lastKnownFileType = file.storyboard; name = Base; path = Base.lproj/Main.storyboard; sourceTree = "<group>"; };
		CCF9FA4324E598710096F42A /* MyFatara_M_WeatherApp_Exercise.xcdatamodel */ = {isa = PBXFileReference; lastKnownFileType = wrapper.xcdatamodel; path = MyFatara_M_WeatherApp_Exercise.xcdatamodel; sourceTree = "<group>"; };
		CCF9FA4524E598720096F42A /* Assets.xcassets */ = {isa = PBXFileReference; lastKnownFileType = folder.assetcatalog; path = Assets.xcassets; sourceTree = "<group>"; };
		CCF9FA4824E598720096F42A /* Base */ = {isa = PBXFileReference; lastKnownFileType = file.storyboard; name = Base; path = Base.lproj/LaunchScreen.storyboard; sourceTree = "<group>"; };
		CCF9FA4A24E598720096F42A /* Info.plist */ = {isa = PBXFileReference; lastKnownFileType = text.plist.xml; path = Info.plist; sourceTree = "<group>"; };
		CCF9FA4F24E598720096F42A /* MyFatara_M_WeatherApp_ExerciseTests.xctest */ = {isa = PBXFileReference; explicitFileType = wrapper.cfbundle; includeInIndex = 0; path = MyFatara_M_WeatherApp_ExerciseTests.xctest; sourceTree = BUILT_PRODUCTS_DIR; };
		CCF9FA5324E598720096F42A /* MyFatara_M_WeatherApp_ExerciseTests.swift */ = {isa = PBXFileReference; lastKnownFileType = sourcecode.swift; path = MyFatara_M_WeatherApp_ExerciseTests.swift; sourceTree = "<group>"; };
		CCF9FA5524E598720096F42A /* Info.plist */ = {isa = PBXFileReference; lastKnownFileType = text.plist.xml; path = Info.plist; sourceTree = "<group>"; };
		CCF9FA5A24E598720096F42A /* MyFatara_M_WeatherApp_ExerciseUITests.xctest */ = {isa = PBXFileReference; explicitFileType = wrapper.cfbundle; includeInIndex = 0; path = MyFatara_M_WeatherApp_ExerciseUITests.xctest; sourceTree = BUILT_PRODUCTS_DIR; };
		CCF9FA5E24E598720096F42A /* MyFatara_M_WeatherApp_ExerciseUITests.swift */ = {isa = PBXFileReference; lastKnownFileType = sourcecode.swift; path = MyFatara_M_WeatherApp_ExerciseUITests.swift; sourceTree = "<group>"; };
		CCF9FA6024E598720096F42A /* Info.plist */ = {isa = PBXFileReference; lastKnownFileType = text.plist.xml; path = Info.plist; sourceTree = "<group>"; };
		CCF9FA6C24E59A0B0096F42A /* Unknown.png */ = {isa = PBXFileReference; lastKnownFileType = image.png; path = Unknown.png; sourceTree = "<group>"; };
/* End PBXFileReference section */

/* Begin PBXFrameworksBuildPhase section */
		CCF9FA3524E598710096F42A /* Frameworks */ = {
			isa = PBXFrameworksBuildPhase;
			buildActionMask = 2147483647;
			files = (
			);
			runOnlyForDeploymentPostprocessing = 0;
		};
		CCF9FA4C24E598720096F42A /* Frameworks */ = {
			isa = PBXFrameworksBuildPhase;
			buildActionMask = 2147483647;
			files = (
			);
			runOnlyForDeploymentPostprocessing = 0;
		};
		CCF9FA5724E598720096F42A /* Frameworks */ = {
			isa = PBXFrameworksBuildPhase;
			buildActionMask = 2147483647;
			files = (
			);
			runOnlyForDeploymentPostprocessing = 0;
		};
/* End PBXFrameworksBuildPhase section */

/* Begin PBXGroup section */
		CCF9FA2F24E598710096F42A = {
			isa = PBXGroup;
			children = (
				CCF9FA3A24E598710096F42A /* MyFatara_M_WeatherApp_Exercise */,
				CCF9FA5224E598720096F42A /* MyFatara_M_WeatherApp_ExerciseTests */,
				CCF9FA5D24E598720096F42A /* MyFatara_M_WeatherApp_ExerciseUITests */,
				CCF9FA3924E598710096F42A /* Products */,
			);
			sourceTree = "<group>";
		};
		CCF9FA3924E598710096F42A /* Products */ = {
			isa = PBXGroup;
			children = (
				CCF9FA3824E598710096F42A /* MyFatara_M_WeatherApp_Exercise.app */,
				CCF9FA4F24E598720096F42A /* MyFatara_M_WeatherApp_ExerciseTests.xctest */,
				CCF9FA5A24E598720096F42A /* MyFatara_M_WeatherApp_ExerciseUITests.xctest */,
			);
			name = Products;
			sourceTree = "<group>";
		};
		CCF9FA3A24E598710096F42A /* MyFatara_M_WeatherApp_Exercise */ = {
			isa = PBXGroup;
			children = (
				CCF9FA3B24E598710096F42A /* AppDelegate.swift */,
				CCF9FA3D24E598710096F42A /* ViewController.swift */,
				CCF9FA3F24E598710096F42A /* Main.storyboard */,
				CCF9FA6C24E59A0B0096F42A /* Unknown.png */,
				CCF9FA4524E598720096F42A /* Assets.xcassets */,
				CCF9FA4724E598720096F42A /* LaunchScreen.storyboard */,
				CCF9FA4A24E598720096F42A /* Info.plist */,
				CCF9FA4224E598710096F42A /* MyFatara_M_WeatherApp_Exercise.xcdatamodeld */,
			);
			path = MyFatara_M_WeatherApp_Exercise;
			sourceTree = "<group>";
		};
		CCF9FA5224E598720096F42A /* MyFatara_M_WeatherApp_ExerciseTests */ = {
			isa = PBXGroup;
			children = (
				CCF9FA5324E598720096F42A /* MyFatara_M_WeatherApp_ExerciseTests.swift */,
				CCF9FA5524E598720096F42A /* Info.plist */,
			);
			path = MyFatara_M_WeatherApp_ExerciseTests;
			sourceTree = "<group>";
		};
		CCF9FA5D24E598720096F42A /* MyFatara_M_WeatherApp_ExerciseUITests */ = {
			isa = PBXGroup;
			children = (
				CCF9FA5E24E598720096F42A /* MyFatara_M_WeatherApp_ExerciseUITests.swift */,
				CCF9FA6024E598720096F42A /* Info.plist */,
			);
			path = MyFatara_M_WeatherApp_ExerciseUITests;
			sourceTree = "<group>";
		};
/* End PBXGroup section */

/* Begin PBXNativeTarget section */
		CCF9FA3724E598710096F42A /* MyFatara_M_WeatherApp_Exercise */ = {
			isa = PBXNativeTarget;
			buildConfigurationList = CCF9FA6324E598720096F42A /* Build configuration list for PBXNativeTarget "MyFatara_M_WeatherApp_Exercise" */;
			buildPhases = (
				CCF9FA3424E598710096F42A /* Sources */,
				CCF9FA3524E598710096F42A /* Frameworks */,
				CCF9FA3624E598710096F42A /* Resources */,
			);
			buildRules = (
			);
			dependencies = (
			);
			name = MyFatara_M_WeatherApp_Exercise;
			productName = MyFatara_M_WeatherApp_Exercise;
			productReference = CCF9FA3824E598710096F42A /* MyFatara_M_WeatherApp_Exercise.app */;
			productType = "com.apple.product-type.application";
		};
		CCF9FA4E24E598720096F42A /* MyFatara_M_WeatherApp_ExerciseTests */ = {
			isa = PBXNativeTarget;
			buildConfigurationList = CCF9FA6624E598720096F42A /* Build configuration list for PBXNativeTarget "MyFatara_M_WeatherApp_ExerciseTests" */;
			buildPhases = (
				CCF9FA4B24E598720096F42A /* Sources */,
				CCF9FA4C24E598720096F42A /* Frameworks */,
				CCF9FA4D24E598720096F42A /* Resources */,
			);
			buildRules = (
			);
			dependencies = (
				CCF9FA5124E598720096F42A /* PBXTargetDependency */,
			);
			name = MyFatara_M_WeatherApp_ExerciseTests;
			productName = MyFatara_M_WeatherApp_ExerciseTests;
			productReference = CCF9FA4F24E598720096F42A /* MyFatara_M_WeatherApp_ExerciseTests.xctest */;
			productType = "com.apple.product-type.bundle.unit-test";
		};
		CCF9FA5924E598720096F42A /* MyFatara_M_WeatherApp_ExerciseUITests */ = {
			isa = PBXNativeTarget;
			buildConfigurationList = CCF9FA6924E598720096F42A /* Build configuration list for PBXNativeTarget "MyFatara_M_WeatherApp_ExerciseUITests" */;
			buildPhases = (
				CCF9FA5624E598720096F42A /* Sources */,
				CCF9FA5724E598720096F42A /* Frameworks */,
				CCF9FA5824E598720096F42A /* Resources */,
			);
			buildRules = (
			);
			dependencies = (
				CCF9FA5C24E598720096F42A /* PBXTargetDependency */,
			);
			name = MyFatara_M_WeatherApp_ExerciseUITests;
			productName = MyFatara_M_WeatherApp_ExerciseUITests;
			productReference = CCF9FA5A24E598720096F42A /* MyFatara_M_WeatherApp_ExerciseUITests.xctest */;
			productType = "com.apple.product-type.bundle.ui-testing";
		};
/* End PBXNativeTarget section */

/* Begin PBXProject section */
		CCF9FA3024E598710096F42A /* Project object */ = {
			isa = PBXProject;
			attributes = {
				LastSwiftUpdateCheck = 1130;
				LastUpgradeCheck = 1130;
				ORGANIZATIONNAME = "Fatara Muhammad";
				TargetAttributes = {
					CCF9FA3724E598710096F42A = {
						CreatedOnToolsVersion = 11.3.1;
					};
					CCF9FA4E24E598720096F42A = {
						CreatedOnToolsVersion = 11.3.1;
						TestTargetID = CCF9FA3724E598710096F42A;
					};
					CCF9FA5924E598720096F42A = {
						CreatedOnToolsVersion = 11.3.1;
						TestTargetID = CCF9FA3724E598710096F42A;
					};
				};
			};
			buildConfigurationList = CCF9FA3324E598710096F42A /* Build configuration list for PBXProject "MyFatara_M_WeatherApp_Exercise" */;
			compatibilityVersion = "Xcode 9.3";
			developmentRegion = en;
			hasScannedForEncodings = 0;
			knownRegions = (
				en,
				Base,
			);
			mainGroup = CCF9FA2F24E598710096F42A;
			productRefGroup = CCF9FA3924E598710096F42A /* Products */;
			projectDirPath = "";
			projectRoot = "";
			targets = (
				CCF9FA3724E598710096F42A /* MyFatara_M_WeatherApp_Exercise */,
				CCF9FA4E24E598720096F42A /* MyFatara_M_WeatherApp_ExerciseTests */,
				CCF9FA5924E598720096F42A /* MyFatara_M_WeatherApp_ExerciseUITests */,
			);
		};
/* End PBXProject section */

/* Begin PBXResourcesBuildPhase section */
		CCF9FA3624E598710096F42A /* Resources */ = {
			isa = PBXResourcesBuildPhase;
			buildActionMask = 2147483647;
			files = (
				CCF9FA4924E598720096F42A /* LaunchScreen.storyboard in Resources */,
				CCF9FA4624E598720096F42A /* Assets.xcassets in Resources */,
				CCF9FA6D24E59A0B0096F42A /* Unknown.png in Resources */,
				CCF9FA4124E598710096F42A /* Main.storyboard in Resources */,
			);
			runOnlyForDeploymentPostprocessing = 0;
		};
		CCF9FA4D24E598720096F42A /* Resources */ = {
			isa = PBXResourcesBuildPhase;
			buildActionMask = 2147483647;
			files = (
			);
			runOnlyForDeploymentPostprocessing = 0;
		};
		CCF9FA5824E598720096F42A /* Resources */ = {
			isa = PBXResourcesBuildPhase;
			buildActionMask = 2147483647;
			files = (
			);
			runOnlyForDeploymentPostprocessing = 0;
		};
/* End PBXResourcesBuildPhase section */

/* Begin PBXSourcesBuildPhase section */
		CCF9FA3424E598710096F42A /* Sources */ = {
			isa = PBXSourcesBuildPhase;
			buildActionMask = 2147483647;
			files = (
				CCF9FA3E24E598710096F42A /* ViewController.swift in Sources */,
				CCF9FA4424E598710096F42A /* MyFatara_M_WeatherApp_Exercise.xcdatamodeld in Sources */,
				CCF9FA3C24E598710096F42A /* AppDelegate.swift in Sources */,
			);
			runOnlyForDeploymentPostprocessing = 0;
		};
		CCF9FA4B24E598720096F42A /* Sources */ = {
			isa = PBXSourcesBuildPhase;
			buildActionMask = 2147483647;
			files = (
				CCF9FA5424E598720096F42A /* MyFatara_M_WeatherApp_ExerciseTests.swift in Sources */,
			);
			runOnlyForDeploymentPostprocessing = 0;
		};
		CCF9FA5624E598720096F42A /* Sources */ = {
			isa = PBXSourcesBuildPhase;
			buildActionMask = 2147483647;
			files = (
				CCF9FA5F24E598720096F42A /* MyFatara_M_WeatherApp_ExerciseUITests.swift in Sources */,
			);
			runOnlyForDeploymentPostprocessing = 0;
		};
/* End PBXSourcesBuildPhase section */

/* Begin PBXTargetDependency section */
		CCF9FA5124E598720096F42A /* PBXTargetDependency */ = {
			isa = PBXTargetDependency;
			target = CCF9FA3724E598710096F42A /* MyFatara_M_WeatherApp_Exercise */;
			targetProxy = CCF9FA5024E598720096F42A /* PBXContainerItemProxy */;
		};
		CCF9FA5C24E598720096F42A /* PBXTargetDependency */ = {
			isa = PBXTargetDependency;
			target = CCF9FA3724E598710096F42A /* MyFatara_M_WeatherApp_Exercise */;
			targetProxy = CCF9FA5B24E598720096F42A /* PBXContainerItemProxy */;
		};
/* End PBXTargetDependency section */

/* Begin PBXVariantGroup section */
		CCF9FA3F24E598710096F42A /* Main.storyboard */ = {
			isa = PBXVariantGroup;
			children = (
				CCF9FA4024E598710096F42A /* Base */,
			);
			name = Main.storyboard;
			sourceTree = "<group>";
		};
		CCF9FA4724E598720096F42A /* LaunchScreen.storyboard */ = {
			isa = PBXVariantGroup;
			children = (
				CCF9FA4824E598720096F42A /* Base */,
			);
			name = LaunchScreen.storyboard;
			sourceTree = "<group>";
		};
/* End PBXVariantGroup section */

/* Begin XCBuildConfiguration section */
		CCF9FA6124E598720096F42A /* Debug */ = {
			isa = XCBuildConfiguration;
			buildSettings = {
				ALWAYS_SEARCH_USER_PATHS = NO;
				CLANG_ANALYZER_NONNULL = YES;
				CLANG_ANALYZER_NUMBER_OBJECT_CONVERSION = YES_AGGRESSIVE;
				CLANG_CXX_LANGUAGE_STANDARD = "gnu++14";
				CLANG_CXX_LIBRARY = "libc++";
				CLANG_ENABLE_MODULES = YES;
				CLANG_ENABLE_OBJC_ARC = YES;
				CLANG_ENABLE_OBJC_WEAK = YES;
				CLANG_WARN_BLOCK_CAPTURE_AUTORELEASING = YES;
				CLANG_WARN_BOOL_CONVERSION = YES;
				CLANG_WARN_COMMA = YES;
				CLANG_WARN_CONSTANT_CONVERSION = YES;
				CLANG_WARN_DEPRECATED_OBJC_IMPLEMENTATIONS = YES;
				CLANG_WARN_DIRECT_OBJC_ISA_USAGE = YES_ERROR;
				CLANG_WARN_DOCUMENTATION_COMMENTS = YES;
				CLANG_WARN_EMPTY_BODY = YES;
				CLANG_WARN_ENUM_CONVERSION = YES;
				CLANG_WARN_INFINITE_RECURSION = YES;
				CLANG_WARN_INT_CONVERSION = YES;
				CLANG_WARN_NON_LITERAL_NULL_CONVERSION = YES;
				CLANG_WARN_OBJC_IMPLICIT_RETAIN_SELF = YES;
				CLANG_WARN_OBJC_LITERAL_CONVERSION = YES;
				CLANG_WARN_OBJC_ROOT_CLASS = YES_ERROR;
				CLANG_WARN_RANGE_LOOP_ANALYSIS = YES;
				CLANG_WARN_STRICT_PROTOTYPES = YES;
				CLANG_WARN_SUSPICIOUS_MOVE = YES;
				CLANG_WARN_UNGUARDED_AVAILABILITY = YES_AGGRESSIVE;
				CLANG_WARN_UNREACHABLE_CODE = YES;
				CLANG_WARN__DUPLICATE_METHOD_MATCH = YES;
				COPY_PHASE_STRIP = NO;
				DEBUG_INFORMATION_FORMAT = dwarf;
				ENABLE_STRICT_OBJC_MSGSEND = YES;
				ENABLE_TESTABILITY = YES;
				GCC_C_LANGUAGE_STANDARD = gnu11;
				GCC_DYNAMIC_NO_PIC = NO;
				GCC_NO_COMMON_BLOCKS = YES;
				GCC_OPTIMIZATION_LEVEL = 0;
				GCC_PREPROCESSOR_DEFINITIONS = (
					"DEBUG=1",
					"$(inherited)",
				);
				GCC_WARN_64_TO_32_BIT_CONVERSION = YES;
				GCC_WARN_ABOUT_RETURN_TYPE = YES_ERROR;
				GCC_WARN_UNDECLARED_SELECTOR = YES;
				GCC_WARN_UNINITIALIZED_AUTOS = YES_AGGRESSIVE;
				GCC_WARN_UNUSED_FUNCTION = YES;
				GCC_WARN_UNUSED_VARIABLE = YES;
				MTL_ENABLE_DEBUG_INFO = INCLUDE_SOURCE;
				MTL_FAST_MATH = YES;
				ONLY_ACTIVE_ARCH = YES;
				SDKROOT = appletvos;
				SWIFT_ACTIVE_COMPILATION_CONDITIONS = DEBUG;
				SWIFT_OPTIMIZATION_LEVEL = "-Onone";
				TVOS_DEPLOYMENT_TARGET = 13.2;
			};
			name = Debug;
		};
		CCF9FA6224E598720096F42A /* Release */ = {
			isa = XCBuildConfiguration;
			buildSettings = {
				ALWAYS_SEARCH_USER_PATHS = NO;
				CLANG_ANALYZER_NONNULL = YES;
				CLANG_ANALYZER_NUMBER_OBJECT_CONVERSION = YES_AGGRESSIVE;
				CLANG_CXX_LANGUAGE_STANDARD = "gnu++14";
				CLANG_CXX_LIBRARY = "libc++";
				CLANG_ENABLE_MODULES = YES;
				CLANG_ENABLE_OBJC_ARC = YES;
				CLANG_ENABLE_OBJC_WEAK = YES;
				CLANG_WARN_BLOCK_CAPTURE_AUTORELEASING = YES;
				CLANG_WARN_BOOL_CONVERSION = YES;
				CLANG_WARN_COMMA = YES;
				CLANG_WARN_CONSTANT_CONVERSION = YES;
				CLANG_WARN_DEPRECATED_OBJC_IMPLEMENTATIONS = YES;
				CLANG_WARN_DIRECT_OBJC_ISA_USAGE = YES_ERROR;
				CLANG_WARN_DOCUMENTATION_COMMENTS = YES;
				CLANG_WARN_EMPTY_BODY = YES;
				CLANG_WARN_ENUM_CONVERSION = YES;
				CLANG_WARN_INFINITE_RECURSION = YES;
				CLANG_WARN_INT_CONVERSION = YES;
				CLANG_WARN_NON_LITERAL_NULL_CONVERSION = YES;
				CLANG_WARN_OBJC_IMPLICIT_RETAIN_SELF = YES;
				CLANG_WARN_OBJC_LITERAL_CONVERSION = YES;
				CLANG_WARN_OBJC_ROOT_CLASS = YES_ERROR;
				CLANG_WARN_RANGE_LOOP_ANALYSIS = YES;
				CLANG_WARN_STRICT_PROTOTYPES = YES;
				CLANG_WARN_SUSPICIOUS_MOVE = YES;
				CLANG_WARN_UNGUARDED_AVAILABILITY = YES_AGGRESSIVE;
				CLANG_WARN_UNREACHABLE_CODE = YES;
				CLANG_WARN__DUPLICATE_METHOD_MATCH = YES;
				COPY_PHASE_STRIP = NO;
				DEBUG_INFORMATION_FORMAT = "dwarf-with-dsym";
				ENABLE_NS_ASSERTIONS = NO;
				ENABLE_STRICT_OBJC_MSGSEND = YES;
				GCC_C_LANGUAGE_STANDARD = gnu11;
				GCC_NO_COMMON_BLOCKS = YES;
				GCC_WARN_64_TO_32_BIT_CONVERSION = YES;
				GCC_WARN_ABOUT_RETURN_TYPE = YES_ERROR;
				GCC_WARN_UNDECLARED_SELECTOR = YES;
				GCC_WARN_UNINITIALIZED_AUTOS = YES_AGGRESSIVE;
				GCC_WARN_UNUSED_FUNCTION = YES;
				GCC_WARN_UNUSED_VARIABLE = YES;
				MTL_ENABLE_DEBUG_INFO = NO;
				MTL_FAST_MATH = YES;
				SDKROOT = appletvos;
				SWIFT_COMPILATION_MODE = wholemodule;
				SWIFT_OPTIMIZATION_LEVEL = "-O";
				TVOS_DEPLOYMENT_TARGET = 13.2;
				VALIDATE_PRODUCT = YES;
			};
			name = Release;
		};
		CCF9FA6424E598720096F42A /* Debug */ = {
			isa = XCBuildConfiguration;
			buildSettings = {
				ASSETCATALOG_COMPILER_APPICON_NAME = "App Icon & Top Shelf Image";
				CODE_SIGN_STYLE = Automatic;
				INFOPLIST_FILE = MyFatara_M_WeatherApp_Exercise/Info.plist;
				LD_RUNPATH_SEARCH_PATHS = (
					"$(inherited)",
					"@executable_path/Frameworks",
				);
				PRODUCT_BUNDLE_IDENTIFIER = "genesysworks.MyFatara-M-WeatherApp-Exercise";
				PRODUCT_NAME = "$(TARGET_NAME)";
				SWIFT_VERSION = 5.0;
				TARGETED_DEVICE_FAMILY = 3;
			};
			name = Debug;
		};
		CCF9FA6524E598720096F42A /* Release */ = {
			isa = XCBuildConfiguration;
			buildSettings = {
				ASSETCATALOG_COMPILER_APPICON_NAME = "App Icon & Top Shelf Image";
				CODE_SIGN_STYLE = Automatic;
				INFOPLIST_FILE = MyFatara_M_WeatherApp_Exercise/Info.plist;
				LD_RUNPATH_SEARCH_PATHS = (
					"$(inherited)",
					"@executable_path/Frameworks",
				);
				PRODUCT_BUNDLE_IDENTIFIER = "genesysworks.MyFatara-M-WeatherApp-Exercise";
				PRODUCT_NAME = "$(TARGET_NAME)";
				SWIFT_VERSION = 5.0;
				TARGETED_DEVICE_FAMILY = 3;
			};
			name = Release;
		};
		CCF9FA6724E598720096F42A /* Debug */ = {
			isa = XCBuildConfiguration;
			buildSettings = {
				ALWAYS_EMBED_SWIFT_STANDARD_LIBRARIES = YES;
				BUNDLE_LOADER = "$(TEST_HOST)";
				CODE_SIGN_STYLE = Automatic;
				INFOPLIST_FILE = MyFatara_M_WeatherApp_ExerciseTests/Info.plist;
				LD_RUNPATH_SEARCH_PATHS = (
					"$(inherited)",
					"@executable_path/Frameworks",
					"@loader_path/Frameworks",
				);
				PRODUCT_BUNDLE_IDENTIFIER = "genesysworks.MyFatara-M-WeatherApp-ExerciseTests";
				PRODUCT_NAME = "$(TARGET_NAME)";
				SWIFT_VERSION = 5.0;
				TARGETED_DEVICE_FAMILY = 3;
				TEST_HOST = "$(BUILT_PRODUCTS_DIR)/MyFatara_M_WeatherApp_Exercise.app/MyFatara_M_WeatherApp_Exercise";
				TVOS_DEPLOYMENT_TARGET = 13.2;
			};
			name = Debug;
		};
		CCF9FA6824E598720096F42A /* Release */ = {
			isa = XCBuildConfiguration;
			buildSettings = {
				ALWAYS_EMBED_SWIFT_STANDARD_LIBRARIES = YES;
				BUNDLE_LOADER = "$(TEST_HOST)";
				CODE_SIGN_STYLE = Automatic;
				INFOPLIST_FILE = MyFatara_M_WeatherApp_ExerciseTests/Info.plist;
				LD_RUNPATH_SEARCH_PATHS = (
					"$(inherited)",
					"@executable_path/Frameworks",
					"@loader_path/Frameworks",
				);
				PRODUCT_BUNDLE_IDENTIFIER = "genesysworks.MyFatara-M-WeatherApp-ExerciseTests";
				PRODUCT_NAME = "$(TARGET_NAME)";
				SWIFT_VERSION = 5.0;
				TARGETED_DEVICE_FAMILY = 3;
				TEST_HOST = "$(BUILT_PRODUCTS_DIR)/MyFatara_M_WeatherApp_Exercise.app/MyFatara_M_WeatherApp_Exercise";
				TVOS_DEPLOYMENT_TARGET = 13.2;
			};
			name = Release;
		};
		CCF9FA6A24E598720096F42A /* Debug */ = {
			isa = XCBuildConfiguration;
			buildSettings = {
				ALWAYS_EMBED_SWIFT_STANDARD_LIBRARIES = YES;
				CODE_SIGN_STYLE = Automatic;
				INFOPLIST_FILE = MyFatara_M_WeatherApp_ExerciseUITests/Info.plist;
				LD_RUNPATH_SEARCH_PATHS = (
					"$(inherited)",
					"@executable_path/Frameworks",
					"@loader_path/Frameworks",
				);
				PRODUCT_BUNDLE_IDENTIFIER = "genesysworks.MyFatara-M-WeatherApp-ExerciseUITests";
				PRODUCT_NAME = "$(TARGET_NAME)";
				SWIFT_VERSION = 5.0;
				TARGETED_DEVICE_FAMILY = 3;
				TEST_TARGET_NAME = MyFatara_M_WeatherApp_Exercise;
			};
			name = Debug;
		};
		CCF9FA6B24E598720096F42A /* Release */ = {
			isa = XCBuildConfiguration;
			buildSettings = {
				ALWAYS_EMBED_SWIFT_STANDARD_LIBRARIES = YES;
				CODE_SIGN_STYLE = Automatic;
				INFOPLIST_FILE = MyFatara_M_WeatherApp_ExerciseUITests/Info.plist;
				LD_RUNPATH_SEARCH_PATHS = (
					"$(inherited)",
					"@executable_path/Frameworks",
					"@loader_path/Frameworks",
				);
				PRODUCT_BUNDLE_IDENTIFIER = "genesysworks.MyFatara-M-WeatherApp-ExerciseUITests";
				PRODUCT_NAME = "$(TARGET_NAME)";
				SWIFT_VERSION = 5.0;
				TARGETED_DEVICE_FAMILY = 3;
				TEST_TARGET_NAME = MyFatara_M_WeatherApp_Exercise;
			};
			name = Release;
		};
/* End XCBuildConfiguration section */

/* Begin XCConfigurationList section */
		CCF9FA3324E598710096F42A /* Build configuration list for PBXProject "MyFatara_M_WeatherApp_Exercise" */ = {
			isa = XCConfigurationList;
			buildConfigurations = (
				CCF9FA6124E598720096F42A /* Debug */,
				CCF9FA6224E598720096F42A /* Release */,
			);
			defaultConfigurationIsVisible = 0;
			defaultConfigurationName = Release;
		};
		CCF9FA6324E598720096F42A /* Build configuration list for PBXNativeTarget "MyFatara_M_WeatherApp_Exercise" */ = {
			isa = XCConfigurationList;
			buildConfigurations = (
				CCF9FA6424E598720096F42A /* Debug */,
				CCF9FA6524E598720096F42A /* Release */,
			);
			defaultConfigurationIsVisible = 0;
			defaultConfigurationName = Release;
		};
		CCF9FA6624E598720096F42A /* Build configuration list for PBXNativeTarget "MyFatara_M_WeatherApp_ExerciseTests" */ = {
			isa = XCConfigurationList;
			buildConfigurations = (
				CCF9FA6724E598720096F42A /* Debug */,
				CCF9FA6824E598720096F42A /* Release */,
			);
			defaultConfigurationIsVisible = 0;
			defaultConfigurationName = Release;
		};
		CCF9FA6924E598720096F42A /* Build configuration list for PBXNativeTarget "MyFatara_M_WeatherApp_ExerciseUITests" */ = {
			isa = XCConfigurationList;
			buildConfigurations = (
				CCF9FA6A24E598720096F42A /* Debug */,
				CCF9FA6B24E598720096F42A /* Release */,
			);
			defaultConfigurationIsVisible = 0;
			defaultConfigurationName = Release;
		};
/* End XCConfigurationList section */

/* Begin XCVersionGroup section */
		CCF9FA4224E598710096F42A /* MyFatara_M_WeatherApp_Exercise.xcdatamodeld */ = {
			isa = XCVersionGroup;
			children = (
				CCF9FA4324E598710096F42A /* MyFatara_M_WeatherApp_Exercise.xcdatamodel */,
			);
			currentVersion = CCF9FA4324E598710096F42A /* MyFatara_M_WeatherApp_Exercise.xcdatamodel */;
			path = MyFatara_M_WeatherApp_Exercise.xcdatamodeld;
			sourceTree = "<group>";
			versionGroupType = wrapper.xcdatamodel;
		};
/* End XCVersionGroup section */
	};
	rootObject = CCF9FA3024E598710096F42A /* Project object */;
}
